
Microsoft Visual Studio Solution File, Format Version 12.00
# Visual Studio Version 16
VisualStudioVersion = 16.0.31313.79
MinimumVisualStudioVersion = 10.0.40219.1
Project("{FAE04EC0-301F-11D3-BF4B-00C04F79EFBC}") = "CodingTest.Tests", "CodingTest.Tests\CodingTest.Tests.csproj", "{C804F001-1B63-4E55-AA36-4611070F48FB}"
EndProject
Project("{FAE04EC0-301F-11D3-BF4B-00C04F79EFBC}") = "CodingTest.Business", "CodingTest.Business\CodingTest.Business.csproj", "{8EA68639-5315-4CF9-BA4F-793DB33E3B7A}"
EndProject
Project("{FAE04EC0-301F-11D3-BF4B-00C04F79EFBC}") = "CodingTest.DataAdapter", "CodingTest.DataAdapter\CodingTest.DataAdapter.csproj", "{A69DEAC2-69D5-4B0D-95D2-BF2B9F47E618}"
EndProject
Global
	GlobalSection(SolutionConfigurationPlatforms) = preSolution
		Debug|Any CPU = Debug|Any CPU
		Release|Any CPU = Release|Any CPU
	EndGlobalSection
	GlobalSection(ProjectConfigurationPlatforms) = postSolution
		{C804F001-1B63-4E55-AA36-4611070F48FB}.Debug|Any CPU.ActiveCfg = Debug|Any CPU
		{C804F001-1B63-4E55-AA36-4611070F48FB}.Debug|Any CPU.Build.0 = Debug|Any CPU
		{C804F001-1B63-4E55-AA36-4611070F48FB}.Release|Any CPU.ActiveCfg = Release|Any CPU
		{C804F001-1B63-4E55-AA36-4611070F48FB}.Release|Any CPU.Build.0 = Release|Any CPU
		{8EA68639-5315-4CF9-BA4F-793DB33E3B7A}.Debug|Any CPU.ActiveCfg = Debug|Any CPU
		{8EA68639-5315-4CF9-BA4F-793DB33E3B7A}.Debug|Any CPU.Build.0 = Debug|Any CPU
		{8EA68639-5315-4CF9-BA4F-793DB33E3B7A}.Release|Any CPU.ActiveCfg = Release|Any CPU
		{8EA68639-5315-4CF9-BA4F-793DB33E3B7A}.Release|Any CPU.Build.0 = Release|Any CPU
		{A69DEAC2-69D5-4B0D-95D2-BF2B9F47E618}.Debug|Any CPU.ActiveCfg = Debug|Any CPU
		{A69DEAC2-69D5-4B0D-95D2-BF2B9F47E618}.Debug|Any CPU.Build.0 = Debug|Any CPU
		{A69DEAC2-69D5-4B0D-95D2-BF2B9F47E618}.Release|Any CPU.ActiveCfg = Release|Any CPU
		{A69DEAC2-69D5-4B0D-95D2-BF2B9F47E618}.Release|Any CPU.Build.0 = Release|Any CPU
	EndGlobalSection
	GlobalSection(SolutionProperties) = preSolution
		HideSolutionNode = FALSE
	EndGlobalSection
	GlobalSection(ExtensibilityGlobals) = postSolution
		SolutionGuid = {D6678BFF-D8F9-42D1-804A-AAB71F404146}
	EndGlobalSection
EndGlobal
